<?xml version="1.0" encoding="utf-8"?>
<Project ToolsVersion="4.0" xmlns="http://schemas.microsoft.com/developer/msbuild/2003">
  <ItemGroup>
    <Filter Include="Header Files">
      <UniqueIdentifier>{93995380-89BD-4b04-88EB-625FBE52EBFB}</UniqueIdentifier>
      <Extensions>h;hh;hpp;hxx;hm;inl;inc;xsd</Extensions>
    </Filter>
    <Filter Include="Source Files">
      <UniqueIdentifier>{4FC737F1-C7A5-4376-A066-2A32D752A2FF}</UniqueIdentifier>
      <Extensions>cpp;c;cc;cxx;def;odl;idl;hpj;bat;asm;asmx</Extensions>
    </Filter>
    <Filter Include="Header Files\Common">
      <UniqueIdentifier>{5f6c54da-f32c-4f30-8f2f-98d6ca36315a}</UniqueIdentifier>
    </Filter>
  </ItemGroup>
  <ItemGroup>
    <ClCompile Include="..\submission\src\main.cpp">
      <Filter>Source Files</Filter>
    </ClCompile>
  </ItemGroup>
  <ItemGroup>
    <ClInclude Include="..\submission\src\common.h">
      <Filter>Header Files\Common</Filter>
    </ClInclude>
    <ClInclude Include="..\submission\src\debug.h">
      <Filter>Header Files\Common</Filter>
    </ClInclude>
    <ClInclude Include="..\submission\src\defs.h">
      <Filter>Header Files\Common</Filter>
    </ClInclude>
    <ClInclude Include="..\submission\src\hashmap.h">
      <Filter>Header Files</Filter>
    </ClInclude>
    <ClInclude Include="..\submission\src\reader.h">
      <Filter>Header Files</Filter>
    </ClInclude>
  </ItemGroup>
</Project>